
Microsoft Visual Studio Solution File, Format Version 12.00
# Visual Studio Version 17
VisualStudioVersion = 17.1.32421.90
MinimumVisualStudioVersion = 10.0.40219.1
Project("{FAE04EC0-301F-11D3-BF4B-00C04F79EFBC}") = "AdventOfCode Day 5", "AdventOfCode Day 5\AdventOfCode Day 5.csproj", "{358B0745-984E-4C98-8DDD-FAC400EA158D}"
EndProject
Global
	GlobalSection(SolutionConfigurationPlatforms) = preSolution
		Debug|Any CPU = Debug|Any CPU
		Release|Any CPU = Release|Any CPU
	EndGlobalSection
	GlobalSection(ProjectConfigurationPlatforms) = postSolution
		{358B0745-984E-4C98-8DDD-FAC400EA158D}.Debug|Any CPU.ActiveCfg = Debug|Any CPU
		{358B0745-984E-4C98-8DDD-FAC400EA158D}.Debug|Any CPU.Build.0 = Debug|Any CPU
		{358B0745-984E-4C98-8DDD-FAC400EA158D}.Release|Any CPU.ActiveCfg = Release|Any CPU
		{358B0745-984E-4C98-8DDD-FAC400EA158D}.Release|Any CPU.Build.0 = Release|Any CPU
	EndGlobalSection
	GlobalSection(SolutionProperties) = preSolution
		HideSolutionNode = FALSE
	EndGlobalSection
	GlobalSection(ExtensibilityGlobals) = postSolution
		SolutionGuid = {9D0403A3-48DA-4160-8F3B-06267A8EAAA1}
	EndGlobalSection
EndGlobal
